
Microsoft Visual Studio Solution File, Format Version 11.00
# Visual Studio 2010
Project("{8BC9CEB8-8B4A-11D0-8D11-00A0C91BC942}") = "opencv", "opencv\opencv.vcxproj", "{D998771C-BDC6-4E0F-B9B4-549EE9CDA4AE}"
EndProject
Global
	GlobalSection(SolutionConfigurationPlatforms) = preSolution
		Debug|Win32 = Debug|Win32
		Release|Win32 = Release|Win32
	EndGlobalSection
	GlobalSection(ProjectConfigurationPlatforms) = postSolution
		{D998771C-BDC6-4E0F-B9B4-549EE9CDA4AE}.Debug|Win32.ActiveCfg = Debug|Win32
		{D998771C-BDC6-4E0F-B9B4-549EE9CDA4AE}.Debug|Win32.Build.0 = Debug|Win32
		{D998771C-BDC6-4E0F-B9B4-549EE9CDA4AE}.Release|Win32.ActiveCfg = Release|Win32
		{D998771C-BDC6-4E0F-B9B4-549EE9CDA4AE}.Release|Win32.Build.0 = Release|Win32
	EndGlobalSection
	GlobalSection(SolutionProperties) = preSolution
		HideSolutionNode = FALSE
	EndGlobalSection
EndGlobal
